github.com/davecgh/go-spew v1.1.1 h1:vj9j/u1bqnvCEfJOwUhtlOARqs3+rkHYY13jYWTU97c=
github.com/dcs-team4/coffeetalk/stm v1.1.0 h1:Zf+EREL6f4+cUIejF+IlOFbM4tUpCrLXKDRVJ9Y00PU=
github.com/dcs-team4/coffeetalk/stm v1.1.0/go.mod h1:mdrOr2uQHvXB23v/S3MN/v2L+AuWgvsehwXwJNwGXGw=
github.com/gorilla/websocket v1.5.0 h1:PPwGk2jz7EePpoHN/+ClbZu8SPxiqlu12wZP/3sWmnc=
github.com/gorilla/websocket v1.5.0/go.mod h1:YR8l580nyteQvAITg2hZ9XVh4b55+EU/adAjf1fMHhE=
github.com/jinzhu/copier v0.3.5 h1:GlvfUwHk62RokgqVNvYsku0TATCF7bAHVwEXoBh3iJg=
github.com/mochi-co/mqtt v1.2.1 h1:L+azv/IhHzDjvcMAQfkVx/v7YxX2iBCngU0GXCSKrlY=
github.com/mochi-co/mqtt v1.2.1/go.mod h1:o0lhQFWL8QtR1+8a9JZmbY8FhZ89MF8vGOGHJNFbCB8=
github.com/pmezard/go-difflib v1.0.0 h1:4DBwDE0NGyQoBHbLQYPwSUPoCMWR5BEzIk/f1lZbAQM=
github.com/rs/xid v1.4.0 h1:qd7wPTDkN6KQx2VmMBLrpHkiyQwgFXRnkOLacUiaSNY=
github.com/rs/xid v1.4.0/go.mod h1:trrq9SKmegXys3aeAKXMUTdJsYXVwGY3RLcfgqegfbg=
github.com/stretchr/testify v1.7.1 h1:5TQK59W5E3v0r2duFAb7P95B6hEeOyEnHRa8MjYSMTY=
gopkg.in/yaml.v3 v3.0.0-20200313102051-9f266ea9e77c h1:dUUwHk2QECo/6vqA44rthZ8ie2QXMNeKRTHCNY2nXvo=
