{
  "name": "web",
  "lockfileVersion": 2,
  "requires": true,
  "packages": {
    "": {
      "dependencies": {
        "@types/paho-mqtt": "1.0.6"
      }
    },
    "node_modules/@types/paho-mqtt": {
      "version": "1.0.6",
      "resolved": "https://registry.npmjs.org/@types/paho-mqtt/-/paho-mqtt-1.0.6.tgz",
      "integrity": "sha512-d6CXsdv2fEruyZLe5DUtgGsF8ROp0358OrEmVgqtFxO/kiCvP9KhYen9N6ReKBkMdR/d0parLQq6DMn2qe6d9Q=="
    }
  },
  "dependencies": {
    "@types/paho-mqtt": {
      "version": "1.0.6",
      "resolved": "https://registry.npmjs.org/@types/paho-mqtt/-/paho-mqtt-1.0.6.tgz",
      "integrity": "sha512-d6CXsdv2fEruyZLe5DUtgGsF8ROp0358OrEmVgqtFxO/kiCvP9KhYen9N6ReKBkMdR/d0parLQq6DMn2qe6d9Q=="
    }
  }
}
